
Microsoft Visual Studio Solution File, Format Version 12.00
# Visual Studio Version 17
VisualStudioVersion = 17.8.34511.84
MinimumVisualStudioVersion = 10.0.40219.1
Project("{FAE04EC0-301F-11D3-BF4B-00C04F79EFBC}") = "Esercizio1 classi", "Esercizio1 classi\Esercizio1 classi.csproj", "{1EC1A3E3-1E3E-44E2-80A6-05CFF99EEB12}"
EndProject
Global
	GlobalSection(SolutionConfigurationPlatforms) = preSolution
		Debug|Any CPU = Debug|Any CPU
		Release|Any CPU = Release|Any CPU
	EndGlobalSection
	GlobalSection(ProjectConfigurationPlatforms) = postSolution
		{1EC1A3E3-1E3E-44E2-80A6-05CFF99EEB12}.Debug|Any CPU.ActiveCfg = Debug|Any CPU
		{1EC1A3E3-1E3E-44E2-80A6-05CFF99EEB12}.Debug|Any CPU.Build.0 = Debug|Any CPU
		{1EC1A3E3-1E3E-44E2-80A6-05CFF99EEB12}.Release|Any CPU.ActiveCfg = Release|Any CPU
		{1EC1A3E3-1E3E-44E2-80A6-05CFF99EEB12}.Release|Any CPU.Build.0 = Release|Any CPU
	EndGlobalSection
	GlobalSection(SolutionProperties) = preSolution
		HideSolutionNode = FALSE
	EndGlobalSection
	GlobalSection(ExtensibilityGlobals) = postSolution
		SolutionGuid = {55D52300-D8FD-4622-99D9-95E17FFAF9EC}
	EndGlobalSection
EndGlobal
